// !$*UTF8*$!
{
	archiveVersion = 1;
	classes = {
	};
	objectVersion = 46;
	objects = {

/* Begin PBXBuildFile section */
		B8E21BF70E82BF41BC4BBC79 /* Pods_SpeakerAlertTests.framework in Frameworks */ = {isa = PBXBuildFile; fileRef = 56C1174FD04EBE60B6AA870B /* Pods_SpeakerAlertTests.framework */; };
		D2C50F50FDE26C573823F396 /* Pods_SpeakerAlert.framework in Frameworks */ = {isa = PBXBuildFile; fileRef = 5D6ED5E883E8B550F9EB9F98 /* Pods_SpeakerAlert.framework */; };
		E20A8E961B816E6400ECC443 /* SpeechStateTests.swift in Sources */ = {isa = PBXBuildFile; fileRef = E20A8E951B816E6400ECC443 /* SpeechStateTests.swift */; };
		E20A8E981B81766000ECC443 /* SpeechProfile.swift in Sources */ = {isa = PBXBuildFile; fileRef = E20A8E971B81766000ECC443 /* SpeechProfile.swift */; };
		E20A8E9A1B817E7500ECC443 /* SpeechProfileFactory.swift in Sources */ = {isa = PBXBuildFile; fileRef = E20A8E991B817E7500ECC443 /* SpeechProfileFactory.swift */; };
		E20A8E9B1B81825300ECC443 /* SpeechProfile.swift in Sources */ = {isa = PBXBuildFile; fileRef = E20A8E971B81766000ECC443 /* SpeechProfile.swift */; };
		E20A8E9C1B81825600ECC443 /* SpeechProfile.swift in Sources */ = {isa = PBXBuildFile; fileRef = E20A8E971B81766000ECC443 /* SpeechProfile.swift */; };
		E20A8E9D1B8183B500ECC443 /* SpeechProfileFactory.swift in Sources */ = {isa = PBXBuildFile; fileRef = E20A8E991B817E7500ECC443 /* SpeechProfileFactory.swift */; };
		E20A8E9E1B8183B600ECC443 /* SpeechProfileFactory.swift in Sources */ = {isa = PBXBuildFile; fileRef = E20A8E991B817E7500ECC443 /* SpeechProfileFactory.swift */; };
		E20B85801B66661300D55578 /* SpeechManager.swift in Sources */ = {isa = PBXBuildFile; fileRef = E20B857F1B66661300D55578 /* SpeechManager.swift */; };
		E2159F221B6D9D8B0075E77E /* WatchConnectivity.framework in Frameworks */ = {isa = PBXBuildFile; fileRef = E2159F211B6D9D8B0075E77E /* WatchConnectivity.framework */; };
		E2159F251B6D9F330075E77E /* WatchCommsManager.swift in Sources */ = {isa = PBXBuildFile; fileRef = E2159F241B6D9F330075E77E /* WatchCommsManager.swift */; };
		E21ADBE01BA1099200DC9EA6 /* SpeechCompleteInterfaceController.swift in Sources */ = {isa = PBXBuildFile; fileRef = E21ADBDF1BA1099200DC9EA6 /* SpeechCompleteInterfaceController.swift */; };
		E21ADBE21BA11AEE00DC9EA6 /* SpeechCompleteViewController.swift in Sources */ = {isa = PBXBuildFile; fileRef = E21ADBE11BA11AEE00DC9EA6 /* SpeechCompleteViewController.swift */; };
		E21B306C1B9B54BA00B89D9F /* ConfigurationManager.swift in Sources */ = {isa = PBXBuildFile; fileRef = E21B306B1B9B54BA00B89D9F /* ConfigurationManager.swift */; };
		E22E8C441B6BA23000DD0793 /* VibrationAlertManager.swift in Sources */ = {isa = PBXBuildFile; fileRef = E22E8C431B6BA23000DD0793 /* VibrationAlertManager.swift */; };
		E22FD26C1B93FDF80022F0B1 /* AppColorManager.swift in Sources */ = {isa = PBXBuildFile; fileRef = E22FD26B1B93FDF80022F0B1 /* AppColorManager.swift */; };
		E2308A8A1C34BE6C00B18551 /* ProfileTimeSelectorViewController.swift in Sources */ = {isa = PBXBuildFile; fileRef = E2308A891C34BE6C00B18551 /* ProfileTimeSelectorViewController.swift */; };
		E23480E91B2906EA0076247D /* AppDelegate.swift in Sources */ = {isa = PBXBuildFile; fileRef = E23480E81B2906EA0076247D /* AppDelegate.swift */; };
		E23480EE1B2906EA0076247D /* Main.storyboard in Resources */ = {isa = PBXBuildFile; fileRef = E23480EC1B2906EA0076247D /* Main.storyboard */; };
		E23480F01B2906EA0076247D /* Assets.xcassets in Resources */ = {isa = PBXBuildFile; fileRef = E23480EF1B2906EA0076247D /* Assets.xcassets */; };
		E23480F31B2906EA0076247D /* LaunchScreen.storyboard in Resources */ = {isa = PBXBuildFile; fileRef = E23480F11B2906EA0076247D /* LaunchScreen.storyboard */; };
		E23480FE1B2906EB0076247D /* SpeakerAlertTests.swift in Sources */ = {isa = PBXBuildFile; fileRef = E23480FD1B2906EB0076247D /* SpeakerAlertTests.swift */; };
		E23481091B2906EB0076247D /* SpeakerAlertUITests.swift in Sources */ = {isa = PBXBuildFile; fileRef = E23481081B2906EB0076247D /* SpeakerAlertUITests.swift */; };
		E234810E1B2906EB0076247D /* SpeakerAlert WatchKit App.app in Embed Watch Content */ = {isa = PBXBuildFile; fileRef = E234810D1B2906EB0076247D /* SpeakerAlert WatchKit App.app */; };
		E23481141B2906EB0076247D /* Interface.storyboard in Resources */ = {isa = PBXBuildFile; fileRef = E23481121B2906EB0076247D /* Interface.storyboard */; };
		E23481161B2906EB0076247D /* Assets.xcassets in Resources */ = {isa = PBXBuildFile; fileRef = E23481151B2906EB0076247D /* Assets.xcassets */; };
		E234811D1B2906EB0076247D /* SpeakerAlert WatchKit Extension.appex in Embed App Extensions */ = {isa = PBXBuildFile; fileRef = E234811C1B2906EB0076247D /* SpeakerAlert WatchKit Extension.appex */; settings = {ATTRIBUTES = (RemoveHeadersOnCopy, ); }; };
		E23481241B2906EB0076247D /* InterfaceController.swift in Sources */ = {isa = PBXBuildFile; fileRef = E23481231B2906EB0076247D /* InterfaceController.swift */; };
		E23481261B2906EB0076247D /* ExtensionDelegate.swift in Sources */ = {isa = PBXBuildFile; fileRef = E23481251B2906EB0076247D /* ExtensionDelegate.swift */; };
		E23481281B2906EB0076247D /* NotificationController.swift in Sources */ = {isa = PBXBuildFile; fileRef = E23481271B2906EB0076247D /* NotificationController.swift */; };
		E234812A1B2906EB0076247D /* ComplicationController.swift in Sources */ = {isa = PBXBuildFile; fileRef = E23481291B2906EB0076247D /* ComplicationController.swift */; };
		E234812C1B2906EB0076247D /* Assets.xcassets in Resources */ = {isa = PBXBuildFile; fileRef = E234812B1B2906EB0076247D /* Assets.xcassets */; };
		E24408A11B48338400EB056C /* Group+CoreDataProperties.swift in Sources */ = {isa = PBXBuildFile; fileRef = E244089F1B48338400EB056C /* Group+CoreDataProperties.swift */; };
		E24408A21B48338400EB056C /* Group.swift in Sources */ = {isa = PBXBuildFile; fileRef = E24408A01B48338400EB056C /* Group.swift */; };
		E24408A31B4834F200EB056C /* Group.swift in Sources */ = {isa = PBXBuildFile; fileRef = E24408A01B48338400EB056C /* Group.swift */; };
		E24408A41B4834F400EB056C /* Group+CoreDataProperties.swift in Sources */ = {isa = PBXBuildFile; fileRef = E244089F1B48338400EB056C /* Group+CoreDataProperties.swift */; };
		E24408A61B483C8400EB056C /* GroupTableViewController.swift in Sources */ = {isa = PBXBuildFile; fileRef = E24408A51B483C8400EB056C /* GroupTableViewController.swift */; };
		E24628DF1B9803C2007DD28B /* SettingsViewController.swift in Sources */ = {isa = PBXBuildFile; fileRef = E24628DE1B9803C2007DD28B /* SettingsViewController.swift */; };
		E24A428B1BA4BA800071702D /* LoadingViewController.swift in Sources */ = {isa = PBXBuildFile; fileRef = E24A428A1BA4BA800071702D /* LoadingViewController.swift */; };
		E25E86C41B656F6D00F120FA /* FontAwesomeFactory.swift in Sources */ = {isa = PBXBuildFile; fileRef = E25E86C31B656F6D00F120FA /* FontAwesomeFactory.swift */; };
		E25E86C61B65748D00F120FA /* FontAwesomeButton.swift in Sources */ = {isa = PBXBuildFile; fileRef = E25E86C51B65748D00F120FA /* FontAwesomeButton.swift */; };
		E25E86C91B65D73A00F120FA /* ApplicationAssembly.swift in Sources */ = {isa = PBXBuildFile; fileRef = E25E86C81B65D73A00F120FA /* ApplicationAssembly.swift */; };
		E27453BE1B9E8DE00058086C /* Speech+CoreDataProperties.swift in Sources */ = {isa = PBXBuildFile; fileRef = E27453BC1B9E8DE00058086C /* Speech+CoreDataProperties.swift */; };
		E27453BF1B9E8DE00058086C /* Speech.swift in Sources */ = {isa = PBXBuildFile; fileRef = E27453BD1B9E8DE00058086C /* Speech.swift */; };
		E2784A641B9C8FE30046BF0D /* ProfileTableViewCell.swift in Sources */ = {isa = PBXBuildFile; fileRef = E2784A631B9C8FE30046BF0D /* ProfileTableViewCell.swift */; };
		E2784A671B9C97180046BF0D /* ProfileTimeRenderer.swift in Sources */ = {isa = PBXBuildFile; fileRef = E2784A661B9C97180046BF0D /* ProfileTimeRenderer.swift */; };
		E284FC1C1BA3E89000ABFA68 /* ProfileTableViewController.swift in Sources */ = {isa = PBXBuildFile; fileRef = E284FC1B1BA3E89000ABFA68 /* ProfileTableViewController.swift */; };
		E284FC1F1BA3EA8000ABFA68 /* ProfileNameTableViewCell.swift in Sources */ = {isa = PBXBuildFile; fileRef = E284FC1E1BA3EA8000ABFA68 /* ProfileNameTableViewCell.swift */; };
		E284FC211BA3EBF600ABFA68 /* ProfileTimeTableViewCell.swift in Sources */ = {isa = PBXBuildFile; fileRef = E284FC201BA3EBF600ABFA68 /* ProfileTimeTableViewCell.swift */; };
		E28AA3591B2CB74C000F5A15 /* SpeechTimer.swift in Sources */ = {isa = PBXBuildFile; fileRef = E28AA3581B2CB74C000F5A15 /* SpeechTimer.swift */; };
		E2929A891B3CCE6E007030D4 /* Profile.swift in Sources */ = {isa = PBXBuildFile; fileRef = E2F6B5F01B378F2600210504 /* Profile.swift */; };
		E2929A8A1B3CCE71007030D4 /* Profile+CoreDataProperties.swift in Sources */ = {isa = PBXBuildFile; fileRef = E2F6B5EF1B378F2600210504 /* Profile+CoreDataProperties.swift */; };
		E2929A8B1B3CCE74007030D4 /* SpeechTimer.swift in Sources */ = {isa = PBXBuildFile; fileRef = E28AA3581B2CB74C000F5A15 /* SpeechTimer.swift */; };
		E2A377F71B78561A007FA8FE /* SpeechTimer.swift in Sources */ = {isa = PBXBuildFile; fileRef = E28AA3581B2CB74C000F5A15 /* SpeechTimer.swift */; };
		E2A377F81B78561A007FA8FE /* SpeechManager.swift in Sources */ = {isa = PBXBuildFile; fileRef = E20B857F1B66661300D55578 /* SpeechManager.swift */; };
		E2A377F91B78561A007FA8FE /* SpeechState.swift in Sources */ = {isa = PBXBuildFile; fileRef = E2C2E7CB1B685AF3004BD7FD /* SpeechState.swift */; };
		E2A377FA1B7856EE007FA8FE /* SpeechManager.swift in Sources */ = {isa = PBXBuildFile; fileRef = E20B857F1B66661300D55578 /* SpeechManager.swift */; };
		E2A377FB1B7856F0007FA8FE /* SpeechState.swift in Sources */ = {isa = PBXBuildFile; fileRef = E2C2E7CB1B685AF3004BD7FD /* SpeechState.swift */; };
		E2A377FC1B785702007FA8FE /* Profile.swift in Sources */ = {isa = PBXBuildFile; fileRef = E2F6B5F01B378F2600210504 /* Profile.swift */; };
		E2A377FD1B785705007FA8FE /* Profile+CoreDataProperties.swift in Sources */ = {isa = PBXBuildFile; fileRef = E2F6B5EF1B378F2600210504 /* Profile+CoreDataProperties.swift */; };
		E2A377FE1B785707007FA8FE /* Group+CoreDataProperties.swift in Sources */ = {isa = PBXBuildFile; fileRef = E244089F1B48338400EB056C /* Group+CoreDataProperties.swift */; };
		E2A377FF1B78570A007FA8FE /* Group.swift in Sources */ = {isa = PBXBuildFile; fileRef = E24408A01B48338400EB056C /* Group.swift */; };
		E2AB35961B82DC97001F8362 /* LocalNotificationManager.swift in Sources */ = {isa = PBXBuildFile; fileRef = E2AB35951B82DC97001F8362 /* LocalNotificationManager.swift */; };
		E2B2CCD11B8755800038C067 /* DataSeeder.swift in Sources */ = {isa = PBXBuildFile; fileRef = E2B2CCD01B8755800038C067 /* DataSeeder.swift */; };
		E2C2E7CC1B685AF3004BD7FD /* SpeechState.swift in Sources */ = {isa = PBXBuildFile; fileRef = E2C2E7CB1B685AF3004BD7FD /* SpeechState.swift */; };
		E2C571B91B8AA5A400C83D92 /* FontAwesomeImageView.swift in Sources */ = {isa = PBXBuildFile; fileRef = E2C571B81B8AA5A400C83D92 /* FontAwesomeImageView.swift */; };
		E2C571BB1B8AB1A300C83D92 /* NamedTableViewCell.swift in Sources */ = {isa = PBXBuildFile; fileRef = E2C571BA1B8AB1A300C83D92 /* NamedTableViewCell.swift */; };
		E2C6D30D1B8ABA85002C69D7 /* FontAwesomeTabBarItem.swift in Sources */ = {isa = PBXBuildFile; fileRef = E2C6D30C1B8ABA85002C69D7 /* FontAwesomeTabBarItem.swift */; };
		E2C9020C1B33BA5600B39D37 /* CoreData.framework in Frameworks */ = {isa = PBXBuildFile; fileRef = E2C9020B1B33BA5600B39D37 /* CoreData.framework */; settings = {ATTRIBUTES = (Required, ); }; };
		E2C9020F1B33BAA300B39D37 /* SpeakerAlert.xcdatamodeld in Sources */ = {isa = PBXBuildFile; fileRef = E2C9020D1B33BAA300B39D37 /* SpeakerAlert.xcdatamodeld */; };
		E2D273CE1B516EF500155349 /* SpeechViewController.swift in Sources */ = {isa = PBXBuildFile; fileRef = E2D273CD1B516EF500155349 /* SpeechViewController.swift */; };
		E2DD5E3B1B5BE03800EF0997 /* TimeUtils.swift in Sources */ = {isa = PBXBuildFile; fileRef = E2DD5E3A1B5BE03800EF0997 /* TimeUtils.swift */; };
		E2E8DD5D1B6DD021003D3F7C /* TimeUtils.swift in Sources */ = {isa = PBXBuildFile; fileRef = E2DD5E3A1B5BE03800EF0997 /* TimeUtils.swift */; };
		E2F6B5F11B378F2600210504 /* Profile+CoreDataProperties.swift in Sources */ = {isa = PBXBuildFile; fileRef = E2F6B5EF1B378F2600210504 /* Profile+CoreDataProperties.swift */; };
		E2F6B5F21B378F2600210504 /* Profile.swift in Sources */ = {isa = PBXBuildFile; fileRef = E2F6B5F01B378F2600210504 /* Profile.swift */; };
		E2FF3C971B98100F0083CC4F /* Acknowledgements.plist in Resources */ = {isa = PBXBuildFile; fileRef = E2FF3C961B98100F0083CC4F /* Acknowledgements.plist */; };
/* End PBXBuildFile section */

/* Begin PBXContainerItemProxy section */
		E23480FA1B2906EB0076247D /* PBXContainerItemProxy */ = {
			isa = PBXContainerItemProxy;
			containerPortal = E23480DD1B2906EA0076247D /* Project object */;
			proxyType = 1;
			remoteGlobalIDString = E23480E41B2906EA0076247D;
			remoteInfo = SpeakerAlert;
		};
		E23481051B2906EB0076247D /* PBXContainerItemProxy */ = {
			isa = PBXContainerItemProxy;
			containerPortal = E23480DD1B2906EA0076247D /* Project object */;
			proxyType = 1;
			remoteGlobalIDString = E23480E41B2906EA0076247D;
			remoteInfo = SpeakerAlert;
		};
		E234810F1B2906EB0076247D /* PBXContainerItemProxy */ = {
			isa = PBXContainerItemProxy;
			containerPortal = E23480DD1B2906EA0076247D /* Project object */;
			proxyType = 1;
			remoteGlobalIDString = E234810C1B2906EB0076247D;
			remoteInfo = "SpeakerAlert WatchKit App";
		};
		E234811E1B2906EB0076247D /* PBXContainerItemProxy */ = {
			isa = PBXContainerItemProxy;
			containerPortal = E23480DD1B2906EA0076247D /* Project object */;
			proxyType = 1;
			remoteGlobalIDString = E234811B1B2906EB0076247D;
			remoteInfo = "SpeakerAlert WatchKit Extension";
		};
/* End PBXContainerItemProxy section */

/* Begin PBXCopyFilesBuildPhase section */
		E23481331B2906EB0076247D /* Embed App Extensions */ = {
			isa = PBXCopyFilesBuildPhase;
			buildActionMask = 2147483647;
			dstPath = "";
			dstSubfolderSpec = 13;
			files = (
				E234811D1B2906EB0076247D /* SpeakerAlert WatchKit Extension.appex in Embed App Extensions */,
			);
			name = "Embed App Extensions";
			runOnlyForDeploymentPostprocessing = 0;
		};
		E23481371B2906EB0076247D /* Embed Watch Content */ = {
			isa = PBXCopyFilesBuildPhase;
			buildActionMask = 2147483647;
			dstPath = "$(CONTENTS_FOLDER_PATH)/Watch";
			dstSubfolderSpec = 16;
			files = (
				E234810E1B2906EB0076247D /* SpeakerAlert WatchKit App.app in Embed Watch Content */,
			);
			name = "Embed Watch Content";
			runOnlyForDeploymentPostprocessing = 0;
		};
/* End PBXCopyFilesBuildPhase section */

/* Begin PBXFileReference section */
		037A8FF3AD0A07FC5FF59EA7 /* Pods-SpeakerAlert.debug.xcconfig */ = {isa = PBXFileReference; includeInIndex = 1; lastKnownFileType = text.xcconfig; name = "Pods-SpeakerAlert.debug.xcconfig"; path = "../Pods/Target Support Files/Pods-SpeakerAlert/Pods-SpeakerAlert.debug.xcconfig"; sourceTree = "<group>"; };
		4E6C05D69A1F923D69A1DAE7 /* Pods-SpeakerAlertTests.release.xcconfig */ = {isa = PBXFileReference; includeInIndex = 1; lastKnownFileType = text.xcconfig; name = "Pods-SpeakerAlertTests.release.xcconfig"; path = "../Pods/Target Support Files/Pods-SpeakerAlertTests/Pods-SpeakerAlertTests.release.xcconfig"; sourceTree = "<group>"; };
		56C1174FD04EBE60B6AA870B /* Pods_SpeakerAlertTests.framework */ = {isa = PBXFileReference; explicitFileType = wrapper.framework; includeInIndex = 0; path = Pods_SpeakerAlertTests.framework; sourceTree = BUILT_PRODUCTS_DIR; };
		5D6ED5E883E8B550F9EB9F98 /* Pods_SpeakerAlert.framework */ = {isa = PBXFileReference; explicitFileType = wrapper.framework; includeInIndex = 0; path = Pods_SpeakerAlert.framework; sourceTree = BUILT_PRODUCTS_DIR; };
		762393DDD7583B928EBD75E6 /* Pods-SpeakerAlertTests.debug.xcconfig */ = {isa = PBXFileReference; includeInIndex = 1; lastKnownFileType = text.xcconfig; name = "Pods-SpeakerAlertTests.debug.xcconfig"; path = "../Pods/Target Support Files/Pods-SpeakerAlertTests/Pods-SpeakerAlertTests.debug.xcconfig"; sourceTree = "<group>"; };
		D43FA6F56ECA171B284DC711 /* Pods-SpeakerAlert.release.xcconfig */ = {isa = PBXFileReference; includeInIndex = 1; lastKnownFileType = text.xcconfig; name = "Pods-SpeakerAlert.release.xcconfig"; path = "../Pods/Target Support Files/Pods-SpeakerAlert/Pods-SpeakerAlert.release.xcconfig"; sourceTree = "<group>"; };
		E20A8E951B816E6400ECC443 /* SpeechStateTests.swift */ = {isa = PBXFileReference; fileEncoding = 4; lastKnownFileType = sourcecode.swift; path = SpeechStateTests.swift; sourceTree = "<group>"; };
		E20A8E971B81766000ECC443 /* SpeechProfile.swift */ = {isa = PBXFileReference; fileEncoding = 4; lastKnownFileType = sourcecode.swift; path = SpeechProfile.swift; sourceTree = "<group>"; };
		E20A8E991B817E7500ECC443 /* SpeechProfileFactory.swift */ = {isa = PBXFileReference; fileEncoding = 4; lastKnownFileType = sourcecode.swift; path = SpeechProfileFactory.swift; sourceTree = "<group>"; };
		E20B857F1B66661300D55578 /* SpeechManager.swift */ = {isa = PBXFileReference; fileEncoding = 4; lastKnownFileType = sourcecode.swift; path = SpeechManager.swift; sourceTree = "<group>"; };
		E2159F211B6D9D8B0075E77E /* WatchConnectivity.framework */ = {isa = PBXFileReference; lastKnownFileType = wrapper.framework; name = WatchConnectivity.framework; path = System/Library/Frameworks/WatchConnectivity.framework; sourceTree = SDKROOT; };
		E2159F241B6D9F330075E77E /* WatchCommsManager.swift */ = {isa = PBXFileReference; fileEncoding = 4; lastKnownFileType = sourcecode.swift; path = WatchCommsManager.swift; sourceTree = "<group>"; };
		E21ADBDF1BA1099200DC9EA6 /* SpeechCompleteInterfaceController.swift */ = {isa = PBXFileReference; fileEncoding = 4; lastKnownFileType = sourcecode.swift; path = SpeechCompleteInterfaceController.swift; sourceTree = "<group>"; };
		E21ADBE11BA11AEE00DC9EA6 /* SpeechCompleteViewController.swift */ = {isa = PBXFileReference; fileEncoding = 4; lastKnownFileType = sourcecode.swift; path = SpeechCompleteViewController.swift; sourceTree = "<group>"; };
		E21B306B1B9B54BA00B89D9F /* ConfigurationManager.swift */ = {isa = PBXFileReference; fileEncoding = 4; lastKnownFileType = sourcecode.swift; path = ConfigurationManager.swift; sourceTree = "<group>"; };
		E22E8C431B6BA23000DD0793 /* VibrationAlertManager.swift */ = {isa = PBXFileReference; fileEncoding = 4; lastKnownFileType = sourcecode.swift; path = VibrationAlertManager.swift; sourceTree = "<group>"; };
		E22FD26B1B93FDF80022F0B1 /* AppColorManager.swift */ = {isa = PBXFileReference; fileEncoding = 4; lastKnownFileType = sourcecode.swift; path = AppColorManager.swift; sourceTree = "<group>"; };
		E2308A891C34BE6C00B18551 /* ProfileTimeSelectorViewController.swift */ = {isa = PBXFileReference; fileEncoding = 4; lastKnownFileType = sourcecode.swift; path = ProfileTimeSelectorViewController.swift; sourceTree = "<group>"; };
		E23480E51B2906EA0076247D /* SpeakerAlert.app */ = {isa = PBXFileReference; explicitFileType = wrapper.application; includeInIndex = 0; path = SpeakerAlert.app; sourceTree = BUILT_PRODUCTS_DIR; };
		E23480E81B2906EA0076247D /* AppDelegate.swift */ = {isa = PBXFileReference; lastKnownFileType = sourcecode.swift; path = AppDelegate.swift; sourceTree = "<group>"; };
		E23480ED1B2906EA0076247D /* Base */ = {isa = PBXFileReference; lastKnownFileType = file.storyboard; name = Base; path = Base.lproj/Main.storyboard; sourceTree = "<group>"; };
		E23480EF1B2906EA0076247D /* Assets.xcassets */ = {isa = PBXFileReference; lastKnownFileType = folder.assetcatalog; path = Assets.xcassets; sourceTree = "<group>"; };
		E23480F21B2906EA0076247D /* Base */ = {isa = PBXFileReference; lastKnownFileType = file.storyboard; name = Base; path = Base.lproj/LaunchScreen.storyboard; sourceTree = "<group>"; };
		E23480F41B2906EA0076247D /* Info.plist */ = {isa = PBXFileReference; lastKnownFileType = text.plist.xml; path = Info.plist; sourceTree = "<group>"; };
		E23480F91B2906EB0076247D /* SpeakerAlertTests.xctest */ = {isa = PBXFileReference; explicitFileType = wrapper.cfbundle; includeInIndex = 0; path = SpeakerAlertTests.xctest; sourceTree = BUILT_PRODUCTS_DIR; };
		E23480FD1B2906EB0076247D /* SpeakerAlertTests.swift */ = {isa = PBXFileReference; lastKnownFileType = sourcecode.swift; path = SpeakerAlertTests.swift; sourceTree = "<group>"; };
		E23480FF1B2906EB0076247D /* Info.plist */ = {isa = PBXFileReference; lastKnownFileType = text.plist.xml; path = Info.plist; sourceTree = "<group>"; };
		E23481041B2906EB0076247D /* SpeakerAlertUITests.xctest */ = {isa = PBXFileReference; explicitFileType = wrapper.cfbundle; includeInIndex = 0; path = SpeakerAlertUITests.xctest; sourceTree = BUILT_PRODUCTS_DIR; };
		E23481081B2906EB0076247D /* SpeakerAlertUITests.swift */ = {isa = PBXFileReference; lastKnownFileType = sourcecode.swift; path = SpeakerAlertUITests.swift; sourceTree = "<group>"; };
		E234810A1B2906EB0076247D /* Info.plist */ = {isa = PBXFileReference; lastKnownFileType = text.plist.xml; path = Info.plist; sourceTree = "<group>"; };
		E234810D1B2906EB0076247D /* SpeakerAlert WatchKit App.app */ = {isa = PBXFileReference; explicitFileType = wrapper.application; includeInIndex = 0; path = "SpeakerAlert WatchKit App.app"; sourceTree = BUILT_PRODUCTS_DIR; };
		E23481131B2906EB0076247D /* Base */ = {isa = PBXFileReference; lastKnownFileType = file.storyboard; name = Base; path = Base.lproj/Interface.storyboard; sourceTree = "<group>"; };
		E23481151B2906EB0076247D /* Assets.xcassets */ = {isa = PBXFileReference; lastKnownFileType = folder.assetcatalog; path = Assets.xcassets; sourceTree = "<group>"; };
		E23481171B2906EB0076247D /* Info.plist */ = {isa = PBXFileReference; lastKnownFileType = text.plist.xml; path = Info.plist; sourceTree = "<group>"; };
		E234811C1B2906EB0076247D /* SpeakerAlert WatchKit Extension.appex */ = {isa = PBXFileReference; explicitFileType = "wrapper.app-extension"; includeInIndex = 0; path = "SpeakerAlert WatchKit Extension.appex"; sourceTree = BUILT_PRODUCTS_DIR; };
		E23481221B2906EB0076247D /* PushNotificationPayload.apns */ = {isa = PBXFileReference; lastKnownFileType = text; path = PushNotificationPayload.apns; sourceTree = "<group>"; };
		E23481231B2906EB0076247D /* InterfaceController.swift */ = {isa = PBXFileReference; lastKnownFileType = sourcecode.swift; path = InterfaceController.swift; sourceTree = "<group>"; };
		E23481251B2906EB0076247D /* ExtensionDelegate.swift */ = {isa = PBXFileReference; lastKnownFileType = sourcecode.swift; path = ExtensionDelegate.swift; sourceTree = "<group>"; };
		E23481271B2906EB0076247D /* NotificationController.swift */ = {isa = PBXFileReference; lastKnownFileType = sourcecode.swift; path = NotificationController.swift; sourceTree = "<group>"; };
		E23481291B2906EB0076247D /* ComplicationController.swift */ = {isa = PBXFileReference; lastKnownFileType = sourcecode.swift; path = ComplicationController.swift; sourceTree = "<group>"; };
		E234812B1B2906EB0076247D /* Assets.xcassets */ = {isa = PBXFileReference; lastKnownFileType = folder.assetcatalog; path = Assets.xcassets; sourceTree = "<group>"; };
		E234812D1B2906EB0076247D /* Info.plist */ = {isa = PBXFileReference; lastKnownFileType = text.plist.xml; path = Info.plist; sourceTree = "<group>"; };
		E244089F1B48338400EB056C /* Group+CoreDataProperties.swift */ = {isa = PBXFileReference; fileEncoding = 4; lastKnownFileType = sourcecode.swift; path = "Group+CoreDataProperties.swift"; sourceTree = "<group>"; };
		E24408A01B48338400EB056C /* Group.swift */ = {isa = PBXFileReference; fileEncoding = 4; lastKnownFileType = sourcecode.swift; path = Group.swift; sourceTree = "<group>"; };
		E24408A51B483C8400EB056C /* GroupTableViewController.swift */ = {isa = PBXFileReference; fileEncoding = 4; lastKnownFileType = sourcecode.swift; path = GroupTableViewController.swift; sourceTree = "<group>"; };
		E24628DE1B9803C2007DD28B /* SettingsViewController.swift */ = {isa = PBXFileReference; fileEncoding = 4; lastKnownFileType = sourcecode.swift; path = SettingsViewController.swift; sourceTree = "<group>"; };
		E24A428A1BA4BA800071702D /* LoadingViewController.swift */ = {isa = PBXFileReference; fileEncoding = 4; lastKnownFileType = sourcecode.swift; path = LoadingViewController.swift; sourceTree = "<group>"; };
		E25E86C31B656F6D00F120FA /* FontAwesomeFactory.swift */ = {isa = PBXFileReference; fileEncoding = 4; lastKnownFileType = sourcecode.swift; path = FontAwesomeFactory.swift; sourceTree = "<group>"; };
		E25E86C51B65748D00F120FA /* FontAwesomeButton.swift */ = {isa = PBXFileReference; fileEncoding = 4; lastKnownFileType = sourcecode.swift; path = FontAwesomeButton.swift; sourceTree = "<group>"; };
		E25E86C81B65D73A00F120FA /* ApplicationAssembly.swift */ = {isa = PBXFileReference; fileEncoding = 4; lastKnownFileType = sourcecode.swift; path = ApplicationAssembly.swift; sourceTree = "<group>"; };
		E27453BC1B9E8DE00058086C /* Speech+CoreDataProperties.swift */ = {isa = PBXFileReference; fileEncoding = 4; lastKnownFileType = sourcecode.swift; path = "Speech+CoreDataProperties.swift"; sourceTree = "<group>"; };
		E27453BD1B9E8DE00058086C /* Speech.swift */ = {isa = PBXFileReference; fileEncoding = 4; lastKnownFileType = sourcecode.swift; path = Speech.swift; sourceTree = "<group>"; };
		E2784A631B9C8FE30046BF0D /* ProfileTableViewCell.swift */ = {isa = PBXFileReference; fileEncoding = 4; lastKnownFileType = sourcecode.swift; path = ProfileTableViewCell.swift; sourceTree = "<group>"; };
		E2784A661B9C97180046BF0D /* ProfileTimeRenderer.swift */ = {isa = PBXFileReference; fileEncoding = 4; lastKnownFileType = sourcecode.swift; path = ProfileTimeRenderer.swift; sourceTree = "<group>"; };
		E284FC1B1BA3E89000ABFA68 /* ProfileTableViewController.swift */ = {isa = PBXFileReference; fileEncoding = 4; lastKnownFileType = sourcecode.swift; path = ProfileTableViewController.swift; sourceTree = "<group>"; };
		E284FC1E1BA3EA8000ABFA68 /* ProfileNameTableViewCell.swift */ = {isa = PBXFileReference; fileEncoding = 4; lastKnownFileType = sourcecode.swift; path = ProfileNameTableViewCell.swift; sourceTree = "<group>"; };
		E284FC201BA3EBF600ABFA68 /* ProfileTimeTableViewCell.swift */ = {isa = PBXFileReference; fileEncoding = 4; lastKnownFileType = sourcecode.swift; path = ProfileTimeTableViewCell.swift; sourceTree = "<group>"; };
		E28AA3581B2CB74C000F5A15 /* SpeechTimer.swift */ = {isa = PBXFileReference; fileEncoding = 4; lastKnownFileType = sourcecode.swift; path = SpeechTimer.swift; sourceTree = "<group>"; };
		E2929A881B3CCD14007030D4 /* SpeakerAlert-Bridging-Header.h */ = {isa = PBXFileReference; lastKnownFileType = sourcecode.c.h; path = "SpeakerAlert-Bridging-Header.h"; sourceTree = "<group>"; };
		E2AB35951B82DC97001F8362 /* LocalNotificationManager.swift */ = {isa = PBXFileReference; fileEncoding = 4; lastKnownFileType = sourcecode.swift; path = LocalNotificationManager.swift; sourceTree = "<group>"; };
		E2B2CCD01B8755800038C067 /* DataSeeder.swift */ = {isa = PBXFileReference; fileEncoding = 4; lastKnownFileType = sourcecode.swift; path = DataSeeder.swift; sourceTree = "<group>"; };
		E2C2E7CB1B685AF3004BD7FD /* SpeechState.swift */ = {isa = PBXFileReference; fileEncoding = 4; lastKnownFileType = sourcecode.swift; path = SpeechState.swift; sourceTree = "<group>"; };
		E2C571B81B8AA5A400C83D92 /* FontAwesomeImageView.swift */ = {isa = PBXFileReference; fileEncoding = 4; lastKnownFileType = sourcecode.swift; path = FontAwesomeImageView.swift; sourceTree = "<group>"; };
		E2C571BA1B8AB1A300C83D92 /* NamedTableViewCell.swift */ = {isa = PBXFileReference; fileEncoding = 4; lastKnownFileType = sourcecode.swift; path = NamedTableViewCell.swift; sourceTree = "<group>"; };
		E2C6D30C1B8ABA85002C69D7 /* FontAwesomeTabBarItem.swift */ = {isa = PBXFileReference; fileEncoding = 4; lastKnownFileType = sourcecode.swift; path = FontAwesomeTabBarItem.swift; sourceTree = "<group>"; };
		E2C9020B1B33BA5600B39D37 /* CoreData.framework */ = {isa = PBXFileReference; lastKnownFileType = wrapper.framework; name = CoreData.framework; path = System/Library/Frameworks/CoreData.framework; sourceTree = SDKROOT; };
		E2C9020E1B33BAA300B39D37 /* SpeakerAlert.xcdatamodel */ = {isa = PBXFileReference; lastKnownFileType = wrapper.xcdatamodel; path = SpeakerAlert.xcdatamodel; sourceTree = "<group>"; };
		E2D273CD1B516EF500155349 /* SpeechViewController.swift */ = {isa = PBXFileReference; fileEncoding = 4; lastKnownFileType = sourcecode.swift; path = SpeechViewController.swift; sourceTree = "<group>"; };
		E2DD5E3A1B5BE03800EF0997 /* TimeUtils.swift */ = {isa = PBXFileReference; fileEncoding = 4; lastKnownFileType = sourcecode.swift; path = TimeUtils.swift; sourceTree = "<group>"; };
		E2F2A1DD1B6DB91A0014D4A0 /* WatchKit.framework */ = {isa = PBXFileReference; lastKnownFileType = wrapper.framework; name = WatchKit.framework; path = System/Library/Frameworks/WatchKit.framework; sourceTree = SDKROOT; };
		E2F6B5EF1B378F2600210504 /* Profile+CoreDataProperties.swift */ = {isa = PBXFileReference; fileEncoding = 4; lastKnownFileType = sourcecode.swift; path = "Profile+CoreDataProperties.swift"; sourceTree = "<group>"; };
		E2F6B5F01B378F2600210504 /* Profile.swift */ = {isa = PBXFileReference; fileEncoding = 4; lastKnownFileType = sourcecode.swift; path = Profile.swift; sourceTree = "<group>"; };
		E2FF3C961B98100F0083CC4F /* Acknowledgements.plist */ = {isa = PBXFileReference; fileEncoding = 4; lastKnownFileType = text.plist.xml; path = Acknowledgements.plist; sourceTree = "<group>"; };
/* End PBXFileReference section */

/* Begin PBXFrameworksBuildPhase section */
		E23480E21B2906EA0076247D /* Frameworks */ = {
			isa = PBXFrameworksBuildPhase;
			buildActionMask = 2147483647;
			files = (
				E2159F221B6D9D8B0075E77E /* WatchConnectivity.framework in Frameworks */,
				E2C9020C1B33BA5600B39D37 /* CoreData.framework in Frameworks */,
				D2C50F50FDE26C573823F396 /* Pods_SpeakerAlert.framework in Frameworks */,
			);
			runOnlyForDeploymentPostprocessing = 0;
		};
		E23480F61B2906EB0076247D /* Frameworks */ = {
			isa = PBXFrameworksBuildPhase;
			buildActionMask = 2147483647;
			files = (
				B8E21BF70E82BF41BC4BBC79 /* Pods_SpeakerAlertTests.framework in Frameworks */,
			);
			runOnlyForDeploymentPostprocessing = 0;
		};
		E23481011B2906EB0076247D /* Frameworks */ = {
			isa = PBXFrameworksBuildPhase;
			buildActionMask = 2147483647;
			files = (
			);
			runOnlyForDeploymentPostprocessing = 0;
		};
		E23481191B2906EB0076247D /* Frameworks */ = {
			isa = PBXFrameworksBuildPhase;
			buildActionMask = 2147483647;
			files = (
			);
			runOnlyForDeploymentPostprocessing = 0;
		};
/* End PBXFrameworksBuildPhase section */

/* Begin PBXGroup section */
		7F8F9C42A66E73FB67688328 /* Pods */ = {
			isa = PBXGroup;
			children = (
				037A8FF3AD0A07FC5FF59EA7 /* Pods-SpeakerAlert.debug.xcconfig */,
				D43FA6F56ECA171B284DC711 /* Pods-SpeakerAlert.release.xcconfig */,
				762393DDD7583B928EBD75E6 /* Pods-SpeakerAlertTests.debug.xcconfig */,
				4E6C05D69A1F923D69A1DAE7 /* Pods-SpeakerAlertTests.release.xcconfig */,
			);
			name = Pods;
			sourceTree = "<group>";
		};
		E2159F231B6D9F1B0075E77E /* Watch */ = {
			isa = PBXGroup;
			children = (
				E2159F241B6D9F330075E77E /* WatchCommsManager.swift */,
			);
			name = Watch;
			sourceTree = "<group>";
		};
		E21B306A1B9B549E00B89D9F /* Settings */ = {
			isa = PBXGroup;
			children = (
				E21B306B1B9B54BA00B89D9F /* ConfigurationManager.swift */,
			);
			name = Settings;
			sourceTree = "<group>";
		};
		E22969E01B65202F00C18012 /* Views */ = {
			isa = PBXGroup;
			children = (
				E2C571BC1B8AB3F600C83D92 /* FontAwesome */,
				E2C571BA1B8AB1A300C83D92 /* NamedTableViewCell.swift */,
				E2784A631B9C8FE30046BF0D /* ProfileTableViewCell.swift */,
			);
			name = Views;
			sourceTree = "<group>";
		};
		E22E8C3D1B6BA08600DD0793 /* UI */ = {
			isa = PBXGroup;
			children = (
				E284FC1D1BA3E9F700ABFA68 /* ProfileEdit */,
				E22969E01B65202F00C18012 /* Views */,
				E22E8C3E1B6BA09300DD0793 /* IB */,
				E24408A51B483C8400EB056C /* GroupTableViewController.swift */,
				E2D273CD1B516EF500155349 /* SpeechViewController.swift */,
				E24628DE1B9803C2007DD28B /* SettingsViewController.swift */,
				E21ADBE11BA11AEE00DC9EA6 /* SpeechCompleteViewController.swift */,
				E24A428A1BA4BA800071702D /* LoadingViewController.swift */,
			);
			name = UI;
			sourceTree = "<group>";
		};
		E22E8C3E1B6BA09300DD0793 /* IB */ = {
			isa = PBXGroup;
			children = (
				E23480EC1B2906EA0076247D /* Main.storyboard */,
				E23480F11B2906EA0076247D /* LaunchScreen.storyboard */,
			);
			name = IB;
			sourceTree = "<group>";
		};
		E22E8C3F1B6BA13500DD0793 /* UserNotification */ = {
			isa = PBXGroup;
			children = (
				E22E8C431B6BA23000DD0793 /* VibrationAlertManager.swift */,
				E2AB35951B82DC97001F8362 /* LocalNotificationManager.swift */,
			);
			name = UserNotification;
			sourceTree = "<group>";
		};
		E22FD2681B93F1D70022F0B1 /* Styling */ = {
			isa = PBXGroup;
			children = (
				E22FD26B1B93FDF80022F0B1 /* AppColorManager.swift */,
			);
			name = Styling;
			sourceTree = "<group>";
		};
		E23480DC1B2906EA0076247D = {
			isa = PBXGroup;
			children = (
				E2FF3C961B98100F0083CC4F /* Acknowledgements.plist */,
				E2929A881B3CCD14007030D4 /* SpeakerAlert-Bridging-Header.h */,
				E2C9020B1B33BA5600B39D37 /* CoreData.framework */,
				E23480E71B2906EA0076247D /* SpeakerAlert */,
				E23480FC1B2906EB0076247D /* SpeakerAlertTests */,
				E23481071B2906EB0076247D /* SpeakerAlertUITests */,
				E23481111B2906EB0076247D /* SpeakerAlert WatchKit App */,
				E23481201B2906EB0076247D /* SpeakerAlert WatchKit Extension */,
				E23480E61B2906EA0076247D /* Products */,
				7F8F9C42A66E73FB67688328 /* Pods */,
				E80F4507498E5D6E3CB32507 /* Frameworks */,
			);
			sourceTree = "<group>";
		};
		E23480E61B2906EA0076247D /* Products */ = {
			isa = PBXGroup;
			children = (
				E23480E51B2906EA0076247D /* SpeakerAlert.app */,
				E23480F91B2906EB0076247D /* SpeakerAlertTests.xctest */,
				E23481041B2906EB0076247D /* SpeakerAlertUITests.xctest */,
				E234810D1B2906EB0076247D /* SpeakerAlert WatchKit App.app */,
				E234811C1B2906EB0076247D /* SpeakerAlert WatchKit Extension.appex */,
			);
			name = Products;
			sourceTree = "<group>";
		};
		E23480E71B2906EA0076247D /* SpeakerAlert */ = {
			isa = PBXGroup;
			children = (
				E21B306A1B9B549E00B89D9F /* Settings */,
				E22FD2681B93F1D70022F0B1 /* Styling */,
				E2B2CCCF1B87556D0038C067 /* Data Management */,
				E25F8F221B76B94900A16A92 /* Models */,
				E2159F231B6D9F1B0075E77E /* Watch */,
				E22E8C3F1B6BA13500DD0793 /* UserNotification */,
				E22E8C3D1B6BA08600DD0793 /* UI */,
				E25E86C71B65D70C00F120FA /* Assembly */,
				E2DD5E391B5BE00400EF0997 /* Utilities */,
				E28AA3531B2CA70F000F5A15 /* SpeechTimer */,
				E23480E81B2906EA0076247D /* AppDelegate.swift */,
				E23480EF1B2906EA0076247D /* Assets.xcassets */,
				E23480F41B2906EA0076247D /* Info.plist */,
				E2C9020D1B33BAA300B39D37 /* SpeakerAlert.xcdatamodeld */,
			);
			path = SpeakerAlert;
			sourceTree = "<group>";
		};
		E23480FC1B2906EB0076247D /* SpeakerAlertTests */ = {
			isa = PBXGroup;
			children = (
				E23480FD1B2906EB0076247D /* SpeakerAlertTests.swift */,
				E23480FF1B2906EB0076247D /* Info.plist */,
				E20A8E951B816E6400ECC443 /* SpeechStateTests.swift */,
			);
			path = SpeakerAlertTests;
			sourceTree = "<group>";
		};
		E23481071B2906EB0076247D /* SpeakerAlertUITests */ = {
			isa = PBXGroup;
			children = (
				E23481081B2906EB0076247D /* SpeakerAlertUITests.swift */,
				E234810A1B2906EB0076247D /* Info.plist */,
			);
			path = SpeakerAlertUITests;
			sourceTree = "<group>";
		};
		E23481111B2906EB0076247D /* SpeakerAlert WatchKit App */ = {
			isa = PBXGroup;
			children = (
				E23481121B2906EB0076247D /* Interface.storyboard */,
				E23481151B2906EB0076247D /* Assets.xcassets */,
				E23481171B2906EB0076247D /* Info.plist */,
			);
			path = "SpeakerAlert WatchKit App";
			sourceTree = "<group>";
		};
		E23481201B2906EB0076247D /* SpeakerAlert WatchKit Extension */ = {
			isa = PBXGroup;
			children = (
				E23481231B2906EB0076247D /* InterfaceController.swift */,
				E21ADBDF1BA1099200DC9EA6 /* SpeechCompleteInterfaceController.swift */,
				E23481251B2906EB0076247D /* ExtensionDelegate.swift */,
				E23481271B2906EB0076247D /* NotificationController.swift */,
				E23481291B2906EB0076247D /* ComplicationController.swift */,
				E234812B1B2906EB0076247D /* Assets.xcassets */,
				E234812D1B2906EB0076247D /* Info.plist */,
				E23481211B2906EB0076247D /* Supporting Files */,
			);
			path = "SpeakerAlert WatchKit Extension";
			sourceTree = "<group>";
		};
		E23481211B2906EB0076247D /* Supporting Files */ = {
			isa = PBXGroup;
			children = (
				E23481221B2906EB0076247D /* PushNotificationPayload.apns */,
			);
			name = "Supporting Files";
			sourceTree = "<group>";
		};
		E25E86C71B65D70C00F120FA /* Assembly */ = {
			isa = PBXGroup;
			children = (
				E25E86C81B65D73A00F120FA /* ApplicationAssembly.swift */,
			);
			name = Assembly;
			sourceTree = "<group>";
		};
		E25F8F221B76B94900A16A92 /* Models */ = {
			isa = PBXGroup;
			children = (
				E2784A651B9C97050046BF0D /* Rendering Utils */,
				E2F6B5EF1B378F2600210504 /* Profile+CoreDataProperties.swift */,
				E2F6B5F01B378F2600210504 /* Profile.swift */,
				E244089F1B48338400EB056C /* Group+CoreDataProperties.swift */,
				E24408A01B48338400EB056C /* Group.swift */,
				E27453BC1B9E8DE00058086C /* Speech+CoreDataProperties.swift */,
				E27453BD1B9E8DE00058086C /* Speech.swift */,
			);
			name = Models;
			sourceTree = "<group>";
		};
		E2784A651B9C97050046BF0D /* Rendering Utils */ = {
			isa = PBXGroup;
			children = (
				E2784A661B9C97180046BF0D /* ProfileTimeRenderer.swift */,
			);
			name = "Rendering Utils";
			sourceTree = "<group>";
		};
		E284FC1D1BA3E9F700ABFA68 /* ProfileEdit */ = {
			isa = PBXGroup;
			children = (
				E284FC1B1BA3E89000ABFA68 /* ProfileTableViewController.swift */,
				E284FC1E1BA3EA8000ABFA68 /* ProfileNameTableViewCell.swift */,
				E284FC201BA3EBF600ABFA68 /* ProfileTimeTableViewCell.swift */,
				E2308A891C34BE6C00B18551 /* ProfileTimeSelectorViewController.swift */,
			);
			name = ProfileEdit;
			sourceTree = "<group>";
		};
		E28AA3531B2CA70F000F5A15 /* SpeechTimer */ = {
			isa = PBXGroup;
			children = (
				E28AA3581B2CB74C000F5A15 /* SpeechTimer.swift */,
				E20B857F1B66661300D55578 /* SpeechManager.swift */,
				E2C2E7CB1B685AF3004BD7FD /* SpeechState.swift */,
				E20A8E971B81766000ECC443 /* SpeechProfile.swift */,
				E20A8E991B817E7500ECC443 /* SpeechProfileFactory.swift */,
			);
			name = SpeechTimer;
			sourceTree = "<group>";
		};
		E2B2CCCF1B87556D0038C067 /* Data Management */ = {
			isa = PBXGroup;
			children = (
				E2B2CCD01B8755800038C067 /* DataSeeder.swift */,
			);
			name = "Data Management";
			sourceTree = "<group>";
		};
		E2C571BC1B8AB3F600C83D92 /* FontAwesome */ = {
			isa = PBXGroup;
			children = (
				E2C6D30C1B8ABA85002C69D7 /* FontAwesomeTabBarItem.swift */,
				E25E86C31B656F6D00F120FA /* FontAwesomeFactory.swift */,
				E25E86C51B65748D00F120FA /* FontAwesomeButton.swift */,
				E2C571B81B8AA5A400C83D92 /* FontAwesomeImageView.swift */,
			);
			name = FontAwesome;
			sourceTree = "<group>";
		};
		E2DD5E391B5BE00400EF0997 /* Utilities */ = {
			isa = PBXGroup;
			children = (
				E2DD5E3A1B5BE03800EF0997 /* TimeUtils.swift */,
			);
			name = Utilities;
			sourceTree = "<group>";
		};
		E80F4507498E5D6E3CB32507 /* Frameworks */ = {
			isa = PBXGroup;
			children = (
				E2F2A1DD1B6DB91A0014D4A0 /* WatchKit.framework */,
				E2159F211B6D9D8B0075E77E /* WatchConnectivity.framework */,
				5D6ED5E883E8B550F9EB9F98 /* Pods_SpeakerAlert.framework */,
				56C1174FD04EBE60B6AA870B /* Pods_SpeakerAlertTests.framework */,
			);
			name = Frameworks;
			sourceTree = "<group>";
		};
/* End PBXGroup section */

/* Begin PBXNativeTarget section */
		E23480E41B2906EA0076247D /* SpeakerAlert */ = {
			isa = PBXNativeTarget;
			buildConfigurationList = E23481381B2906EB0076247D /* Build configuration list for PBXNativeTarget "SpeakerAlert" */;
			buildPhases = (
				E28248521C4A96310055FA24 /* ShellScript */,
				3D7A4282BA74DBAA2AFA4C64 /* Check Pods Manifest.lock */,
				E23480E11B2906EA0076247D /* Sources */,
				E23480E21B2906EA0076247D /* Frameworks */,
				E23480E31B2906EA0076247D /* Resources */,
				E23481371B2906EB0076247D /* Embed Watch Content */,
				5E0806541896A766B2E33215 /* Embed Pods Frameworks */,
				A4402814F1D513040E22E67A /* Copy Pods Resources */,
			);
			buildRules = (
			);
			dependencies = (
				E23481101B2906EB0076247D /* PBXTargetDependency */,
			);
			name = SpeakerAlert;
			productName = SpeakerAlert;
			productReference = E23480E51B2906EA0076247D /* SpeakerAlert.app */;
			productType = "com.apple.product-type.application";
		};
		E23480F81B2906EB0076247D /* SpeakerAlertTests */ = {
			isa = PBXNativeTarget;
			buildConfigurationList = E234813B1B2906EB0076247D /* Build configuration list for PBXNativeTarget "SpeakerAlertTests" */;
			buildPhases = (
				85EFFFB814D211DA37ACDAF2 /* Check Pods Manifest.lock */,
				E23480F51B2906EB0076247D /* Sources */,
				E23480F61B2906EB0076247D /* Frameworks */,
				E23480F71B2906EB0076247D /* Resources */,
				689D663AD1EF2530307026DE /* Embed Pods Frameworks */,
				9AA4B1DAF22C729DBAA09D50 /* Copy Pods Resources */,
			);
			buildRules = (
			);
			dependencies = (
				E23480FB1B2906EB0076247D /* PBXTargetDependency */,
			);
			name = SpeakerAlertTests;
			productName = SpeakerAlertTests;
			productReference = E23480F91B2906EB0076247D /* SpeakerAlertTests.xctest */;
			productType = "com.apple.product-type.bundle.unit-test";
		};
		E23481031B2906EB0076247D /* SpeakerAlertUITests */ = {
			isa = PBXNativeTarget;
			buildConfigurationList = E234813E1B2906EB0076247D /* Build configuration list for PBXNativeTarget "SpeakerAlertUITests" */;
			buildPhases = (
				E23481001B2906EB0076247D /* Sources */,
				E23481011B2906EB0076247D /* Frameworks */,
				E23481021B2906EB0076247D /* Resources */,
			);
			buildRules = (
			);
			dependencies = (
				E23481061B2906EB0076247D /* PBXTargetDependency */,
			);
			name = SpeakerAlertUITests;
			productName = SpeakerAlertUITests;
			productReference = E23481041B2906EB0076247D /* SpeakerAlertUITests.xctest */;
			productType = "com.apple.product-type.bundle.ui-testing";
		};
		E234810C1B2906EB0076247D /* SpeakerAlert WatchKit App */ = {
			isa = PBXNativeTarget;
			buildConfigurationList = E23481341B2906EB0076247D /* Build configuration list for PBXNativeTarget "SpeakerAlert WatchKit App" */;
			buildPhases = (
				E234810B1B2906EB0076247D /* Resources */,
				E23481331B2906EB0076247D /* Embed App Extensions */,
			);
			buildRules = (
			);
			dependencies = (
				E234811F1B2906EB0076247D /* PBXTargetDependency */,
			);
			name = "SpeakerAlert WatchKit App";
			productName = "SpeakerAlert WatchKit App";
			productReference = E234810D1B2906EB0076247D /* SpeakerAlert WatchKit App.app */;
			productType = "com.apple.product-type.application.watchapp2";
		};
		E234811B1B2906EB0076247D /* SpeakerAlert WatchKit Extension */ = {
			isa = PBXNativeTarget;
			buildConfigurationList = E23481301B2906EB0076247D /* Build configuration list for PBXNativeTarget "SpeakerAlert WatchKit Extension" */;
			buildPhases = (
				E23481181B2906EB0076247D /* Sources */,
				E23481191B2906EB0076247D /* Frameworks */,
				E234811A1B2906EB0076247D /* Resources */,
			);
			buildRules = (
			);
			dependencies = (
			);
			name = "SpeakerAlert WatchKit Extension";
			productName = "SpeakerAlert WatchKit Extension";
			productReference = E234811C1B2906EB0076247D /* SpeakerAlert WatchKit Extension.appex */;
			productType = "com.apple.product-type.watchkit2-extension";
		};
/* End PBXNativeTarget section */

/* Begin PBXProject section */
		E23480DD1B2906EA0076247D /* Project object */ = {
			isa = PBXProject;
			attributes = {
				LastSwiftUpdateCheck = 0700;
				LastUpgradeCheck = 0700;
				ORGANIZATIONNAME = "The Other Tom Elliott";
				TargetAttributes = {
					E23480E41B2906EA0076247D = {
						CreatedOnToolsVersion = 7.0;
						DevelopmentTeam = XZ59JQ28M5;
					};
					E23480F81B2906EB0076247D = {
						CreatedOnToolsVersion = 7.0;
						TestTargetID = E23480E41B2906EA0076247D;
					};
					E23481031B2906EB0076247D = {
						CreatedOnToolsVersion = 7.0;
						TestTargetID = E23480E41B2906EA0076247D;
					};
					E234810C1B2906EB0076247D = {
						CreatedOnToolsVersion = 7.0;
						DevelopmentTeam = XZ59JQ28M5;
					};
					E234811B1B2906EB0076247D = {
						CreatedOnToolsVersion = 7.0;
						DevelopmentTeam = XZ59JQ28M5;
					};
				};
			};
			buildConfigurationList = E23480E01B2906EA0076247D /* Build configuration list for PBXProject "SpeakerAlert" */;
			compatibilityVersion = "Xcode 3.2";
			developmentRegion = English;
			hasScannedForEncodings = 0;
			knownRegions = (
				en,
				Base,
			);
			mainGroup = E23480DC1B2906EA0076247D;
			productRefGroup = E23480E61B2906EA0076247D /* Products */;
			projectDirPath = "";
			projectRoot = "";
			targets = (
				E23480E41B2906EA0076247D /* SpeakerAlert */,
				E23480F81B2906EB0076247D /* SpeakerAlertTests */,
				E23481031B2906EB0076247D /* SpeakerAlertUITests */,
				E234810C1B2906EB0076247D /* SpeakerAlert WatchKit App */,
				E234811B1B2906EB0076247D /* SpeakerAlert WatchKit Extension */,
			);
		};
/* End PBXProject section */

/* Begin PBXResourcesBuildPhase section */
		E23480E31B2906EA0076247D /* Resources */ = {
			isa = PBXResourcesBuildPhase;
			buildActionMask = 2147483647;
			files = (
				E23480F31B2906EA0076247D /* LaunchScreen.storyboard in Resources */,
				E23480F01B2906EA0076247D /* Assets.xcassets in Resources */,
				E23480EE1B2906EA0076247D /* Main.storyboard in Resources */,
				E2FF3C971B98100F0083CC4F /* Acknowledgements.plist in Resources */,
			);
			runOnlyForDeploymentPostprocessing = 0;
		};
		E23480F71B2906EB0076247D /* Resources */ = {
			isa = PBXResourcesBuildPhase;
			buildActionMask = 2147483647;
			files = (
			);
			runOnlyForDeploymentPostprocessing = 0;
		};
		E23481021B2906EB0076247D /* Resources */ = {
			isa = PBXResourcesBuildPhase;
			buildActionMask = 2147483647;
			files = (
			);
			runOnlyForDeploymentPostprocessing = 0;
		};
		E234810B1B2906EB0076247D /* Resources */ = {
			isa = PBXResourcesBuildPhase;
			buildActionMask = 2147483647;
			files = (
				E23481161B2906EB0076247D /* Assets.xcassets in Resources */,
				E23481141B2906EB0076247D /* Interface.storyboard in Resources */,
			);
			runOnlyForDeploymentPostprocessing = 0;
		};
		E234811A1B2906EB0076247D /* Resources */ = {
			isa = PBXResourcesBuildPhase;
			buildActionMask = 2147483647;
			files = (
				E234812C1B2906EB0076247D /* Assets.xcassets in Resources */,
			);
			runOnlyForDeploymentPostprocessing = 0;
		};
/* End PBXResourcesBuildPhase section */

/* Begin PBXShellScriptBuildPhase section */
		3D7A4282BA74DBAA2AFA4C64 /* Check Pods Manifest.lock */ = {
			isa = PBXShellScriptBuildPhase;
			buildActionMask = 2147483647;
			files = (
			);
			inputPaths = (
			);
			name = "Check Pods Manifest.lock";
			outputPaths = (
			);
			runOnlyForDeploymentPostprocessing = 0;
			shellPath = /bin/sh;
			shellScript = "diff \"${PODS_ROOT}/../Podfile.lock\" \"${PODS_ROOT}/Manifest.lock\" > /dev/null\nif [[ $? != 0 ]] ; then\n    cat << EOM\nerror: The sandbox is not in sync with the Podfile.lock. Run 'pod install' or update your CocoaPods installation.\nEOM\n    exit 1\nfi\n";
			showEnvVarsInLog = 0;
		};
		5E0806541896A766B2E33215 /* Embed Pods Frameworks */ = {
			isa = PBXShellScriptBuildPhase;
			buildActionMask = 2147483647;
			files = (
			);
			inputPaths = (
			);
			name = "Embed Pods Frameworks";
			outputPaths = (
			);
			runOnlyForDeploymentPostprocessing = 0;
			shellPath = /bin/sh;
			shellScript = "\"${SRCROOT}/../Pods/Target Support Files/Pods-SpeakerAlert/Pods-SpeakerAlert-frameworks.sh\"\n";
			showEnvVarsInLog = 0;
		};
		689D663AD1EF2530307026DE /* Embed Pods Frameworks */ = {
			isa = PBXShellScriptBuildPhase;
			buildActionMask = 2147483647;
			files = (
			);
			inputPaths = (
			);
			name = "Embed Pods Frameworks";
			outputPaths = (
			);
			runOnlyForDeploymentPostprocessing = 0;
			shellPath = /bin/sh;
			shellScript = "\"${SRCROOT}/../Pods/Target Support Files/Pods-SpeakerAlertTests/Pods-SpeakerAlertTests-frameworks.sh\"\n";
			showEnvVarsInLog = 0;
		};
		85EFFFB814D211DA37ACDAF2 /* Check Pods Manifest.lock */ = {
			isa = PBXShellScriptBuildPhase;
			buildActionMask = 2147483647;
			files = (
			);
			inputPaths = (
			);
			name = "Check Pods Manifest.lock";
			outputPaths = (
			);
			runOnlyForDeploymentPostprocessing = 0;
			shellPath = /bin/sh;
			shellScript = "diff \"${PODS_ROOT}/../Podfile.lock\" \"${PODS_ROOT}/Manifest.lock\" > /dev/null\nif [[ $? != 0 ]] ; then\n    cat << EOM\nerror: The sandbox is not in sync with the Podfile.lock. Run 'pod install' or update your CocoaPods installation.\nEOM\n    exit 1\nfi\n";
			showEnvVarsInLog = 0;
		};
		9AA4B1DAF22C729DBAA09D50 /* Copy Pods Resources */ = {
			isa = PBXShellScriptBuildPhase;
			buildActionMask = 2147483647;
			files = (
			);
			inputPaths = (
			);
			name = "Copy Pods Resources";
			outputPaths = (
			);
			runOnlyForDeploymentPostprocessing = 0;
			shellPath = /bin/sh;
			shellScript = "\"${SRCROOT}/../Pods/Target Support Files/Pods-SpeakerAlertTests/Pods-SpeakerAlertTests-resources.sh\"\n";
			showEnvVarsInLog = 0;
		};
		A4402814F1D513040E22E67A /* Copy Pods Resources */ = {
			isa = PBXShellScriptBuildPhase;
			buildActionMask = 2147483647;
			files = (
			);
			inputPaths = (
			);
			name = "Copy Pods Resources";
			outputPaths = (
			);
			runOnlyForDeploymentPostprocessing = 0;
			shellPath = /bin/sh;
			shellScript = "\"${SRCROOT}/../Pods/Target Support Files/Pods-SpeakerAlert/Pods-SpeakerAlert-resources.sh\"\n";
			showEnvVarsInLog = 0;
		};
		E28248521C4A96310055FA24 /* ShellScript */ = {
			isa = PBXShellScriptBuildPhase;
			buildActionMask = 2147483647;
			files = (
			);
			inputPaths = (
			);
			outputPaths = (
			);
			runOnlyForDeploymentPostprocessing = 0;
			shellPath = /bin/sh;
			shellScript = "if which swiftlint >/dev/null; then\npwd\nswiftlint\nelse\necho \"SwiftLint does not exist, download from https://github.com/realm/SwiftLint\"\nfi";
		};
/* End PBXShellScriptBuildPhase section */

/* Begin PBXSourcesBuildPhase section */
		E23480E11B2906EA0076247D /* Sources */ = {
			isa = PBXSourcesBuildPhase;
			buildActionMask = 2147483647;
			files = (
				E2AB35961B82DC97001F8362 /* LocalNotificationManager.swift in Sources */,
				E2C6D30D1B8ABA85002C69D7 /* FontAwesomeTabBarItem.swift in Sources */,
				E25E86C61B65748D00F120FA /* FontAwesomeButton.swift in Sources */,
				E2C571B91B8AA5A400C83D92 /* FontAwesomeImageView.swift in Sources */,
				E2C571BB1B8AB1A300C83D92 /* NamedTableViewCell.swift in Sources */,
				E20B85801B66661300D55578 /* SpeechManager.swift in Sources */,
				E2C9020F1B33BAA300B39D37 /* SpeakerAlert.xcdatamodeld in Sources */,
				E27453BE1B9E8DE00058086C /* Speech+CoreDataProperties.swift in Sources */,
				E2F6B5F21B378F2600210504 /* Profile.swift in Sources */,
				E2C2E7CC1B685AF3004BD7FD /* SpeechState.swift in Sources */,
				E21B306C1B9B54BA00B89D9F /* ConfigurationManager.swift in Sources */,
				E20A8E9A1B817E7500ECC443 /* SpeechProfileFactory.swift in Sources */,
				E25E86C91B65D73A00F120FA /* ApplicationAssembly.swift in Sources */,
				E24408A21B48338400EB056C /* Group.swift in Sources */,
				E22E8C441B6BA23000DD0793 /* VibrationAlertManager.swift in Sources */,
				E2B2CCD11B8755800038C067 /* DataSeeder.swift in Sources */,
				E2DD5E3B1B5BE03800EF0997 /* TimeUtils.swift in Sources */,
				E2F6B5F11B378F2600210504 /* Profile+CoreDataProperties.swift in Sources */,
				E2159F251B6D9F330075E77E /* WatchCommsManager.swift in Sources */,
				E284FC211BA3EBF600ABFA68 /* ProfileTimeTableViewCell.swift in Sources */,
				E28AA3591B2CB74C000F5A15 /* SpeechTimer.swift in Sources */,
				E23480E91B2906EA0076247D /* AppDelegate.swift in Sources */,
				E25E86C41B656F6D00F120FA /* FontAwesomeFactory.swift in Sources */,
				E24A428B1BA4BA800071702D /* LoadingViewController.swift in Sources */,
				E2784A641B9C8FE30046BF0D /* ProfileTableViewCell.swift in Sources */,
				E284FC1C1BA3E89000ABFA68 /* ProfileTableViewController.swift in Sources */,
				E2308A8A1C34BE6C00B18551 /* ProfileTimeSelectorViewController.swift in Sources */,
				E2784A671B9C97180046BF0D /* ProfileTimeRenderer.swift in Sources */,
				E284FC1F1BA3EA8000ABFA68 /* ProfileNameTableViewCell.swift in Sources */,
				E22FD26C1B93FDF80022F0B1 /* AppColorManager.swift in Sources */,
				E24628DF1B9803C2007DD28B /* SettingsViewController.swift in Sources */,
				E2D273CE1B516EF500155349 /* SpeechViewController.swift in Sources */,
				E21ADBE21BA11AEE00DC9EA6 /* SpeechCompleteViewController.swift in Sources */,
				E24408A11B48338400EB056C /* Group+CoreDataProperties.swift in Sources */,
				E20A8E981B81766000ECC443 /* SpeechProfile.swift in Sources */,
				E24408A61B483C8400EB056C /* GroupTableViewController.swift in Sources */,
				E27453BF1B9E8DE00058086C /* Speech.swift in Sources */,
			);
			runOnlyForDeploymentPostprocessing = 0;
		};
		E23480F51B2906EB0076247D /* Sources */ = {
			isa = PBXSourcesBuildPhase;
			buildActionMask = 2147483647;
			files = (
				E23480FE1B2906EB0076247D /* SpeakerAlertTests.swift in Sources */,
				E24408A41B4834F400EB056C /* Group+CoreDataProperties.swift in Sources */,
				E20A8E961B816E6400ECC443 /* SpeechStateTests.swift in Sources */,
				E2929A8B1B3CCE74007030D4 /* SpeechTimer.swift in Sources */,
				E2929A8A1B3CCE71007030D4 /* Profile+CoreDataProperties.swift in Sources */,
				E20A8E9B1B81825300ECC443 /* SpeechProfile.swift in Sources */,
				E24408A31B4834F200EB056C /* Group.swift in Sources */,
				E20A8E9D1B8183B500ECC443 /* SpeechProfileFactory.swift in Sources */,
				E2A377FB1B7856F0007FA8FE /* SpeechState.swift in Sources */,
				E2929A891B3CCE6E007030D4 /* Profile.swift in Sources */,
				E2A377FA1B7856EE007FA8FE /* SpeechManager.swift in Sources */,
			);
			runOnlyForDeploymentPostprocessing = 0;
		};
		E23481001B2906EB0076247D /* Sources */ = {
			isa = PBXSourcesBuildPhase;
			buildActionMask = 2147483647;
			files = (
				E23481091B2906EB0076247D /* SpeakerAlertUITests.swift in Sources */,
			);
			runOnlyForDeploymentPostprocessing = 0;
		};
		E23481181B2906EB0076247D /* Sources */ = {
			isa = PBXSourcesBuildPhase;
			buildActionMask = 2147483647;
			files = (
				E23481281B2906EB0076247D /* NotificationController.swift in Sources */,
				E2E8DD5D1B6DD021003D3F7C /* TimeUtils.swift in Sources */,
				E2A377FD1B785705007FA8FE /* Profile+CoreDataProperties.swift in Sources */,
				E2A377FF1B78570A007FA8FE /* Group.swift in Sources */,
				E234812A1B2906EB0076247D /* ComplicationController.swift in Sources */,
				E2A377F71B78561A007FA8FE /* SpeechTimer.swift in Sources */,
				E23481261B2906EB0076247D /* ExtensionDelegate.swift in Sources */,
				E2A377F91B78561A007FA8FE /* SpeechState.swift in Sources */,
				E23481241B2906EB0076247D /* InterfaceController.swift in Sources */,
				E2A377FC1B785702007FA8FE /* Profile.swift in Sources */,
				E20A8E9E1B8183B600ECC443 /* SpeechProfileFactory.swift in Sources */,
				E20A8E9C1B81825600ECC443 /* SpeechProfile.swift in Sources */,
				E2A377F81B78561A007FA8FE /* SpeechManager.swift in Sources */,
				E21ADBE01BA1099200DC9EA6 /* SpeechCompleteInterfaceController.swift in Sources */,
				E2A377FE1B785707007FA8FE /* Group+CoreDataProperties.swift in Sources */,
			);
			runOnlyForDeploymentPostprocessing = 0;
		};
/* End PBXSourcesBuildPhase section */

/* Begin PBXTargetDependency section */
		E23480FB1B2906EB0076247D /* PBXTargetDependency */ = {
			isa = PBXTargetDependency;
			target = E23480E41B2906EA0076247D /* SpeakerAlert */;
			targetProxy = E23480FA1B2906EB0076247D /* PBXContainerItemProxy */;
		};
		E23481061B2906EB0076247D /* PBXTargetDependency */ = {
			isa = PBXTargetDependency;
			target = E23480E41B2906EA0076247D /* SpeakerAlert */;
			targetProxy = E23481051B2906EB0076247D /* PBXContainerItemProxy */;
		};
		E23481101B2906EB0076247D /* PBXTargetDependency */ = {
			isa = PBXTargetDependency;
			target = E234810C1B2906EB0076247D /* SpeakerAlert WatchKit App */;
			targetProxy = E234810F1B2906EB0076247D /* PBXContainerItemProxy */;
		};
		E234811F1B2906EB0076247D /* PBXTargetDependency */ = {
			isa = PBXTargetDependency;
			target = E234811B1B2906EB0076247D /* SpeakerAlert WatchKit Extension */;
			targetProxy = E234811E1B2906EB0076247D /* PBXContainerItemProxy */;
		};
/* End PBXTargetDependency section */

/* Begin PBXVariantGroup section */
		E23480EC1B2906EA0076247D /* Main.storyboard */ = {
			isa = PBXVariantGroup;
			children = (
				E23480ED1B2906EA0076247D /* Base */,
			);
			name = Main.storyboard;
			sourceTree = "<group>";
		};
		E23480F11B2906EA0076247D /* LaunchScreen.storyboard */ = {
			isa = PBXVariantGroup;
			children = (
				E23480F21B2906EA0076247D /* Base */,
			);
			name = LaunchScreen.storyboard;
			sourceTree = "<group>";
		};
		E23481121B2906EB0076247D /* Interface.storyboard */ = {
			isa = PBXVariantGroup;
			children = (
				E23481131B2906EB0076247D /* Base */,
			);
			name = Interface.storyboard;
			sourceTree = "<group>";
		};
/* End PBXVariantGroup section */

/* Begin XCBuildConfiguration section */
		E234812E1B2906EB0076247D /* Debug */ = {
			isa = XCBuildConfiguration;
			buildSettings = {
				ALWAYS_SEARCH_USER_PATHS = NO;
				CLANG_CXX_LANGUAGE_STANDARD = "gnu++0x";
				CLANG_CXX_LIBRARY = "libc++";
				CLANG_ENABLE_MODULES = YES;
				CLANG_ENABLE_OBJC_ARC = YES;
				CLANG_WARN_BOOL_CONVERSION = YES;
				CLANG_WARN_CONSTANT_CONVERSION = YES;
				CLANG_WARN_DIRECT_OBJC_ISA_USAGE = YES_ERROR;
				CLANG_WARN_EMPTY_BODY = YES;
				CLANG_WARN_ENUM_CONVERSION = YES;
				CLANG_WARN_INT_CONVERSION = YES;
				CLANG_WARN_OBJC_ROOT_CLASS = YES_ERROR;
				CLANG_WARN_UNREACHABLE_CODE = YES;
				CLANG_WARN__DUPLICATE_METHOD_MATCH = YES;
				"CODE_SIGN_IDENTITY[sdk=iphoneos*]" = "iPhone Developer";
				COPY_PHASE_STRIP = NO;
				DEBUG_INFORMATION_FORMAT = dwarf;
				ENABLE_STRICT_OBJC_MSGSEND = YES;
				ENABLE_TESTABILITY = YES;
				GCC_C_LANGUAGE_STANDARD = gnu99;
				GCC_DYNAMIC_NO_PIC = NO;
				GCC_NO_COMMON_BLOCKS = YES;
				GCC_OPTIMIZATION_LEVEL = 0;
				GCC_PREPROCESSOR_DEFINITIONS = (
					"DEBUG=1",
					"$(inherited)",
				);
				GCC_WARN_64_TO_32_BIT_CONVERSION = YES;
				GCC_WARN_ABOUT_RETURN_TYPE = YES_ERROR;
				GCC_WARN_UNDECLARED_SELECTOR = YES;
				GCC_WARN_UNINITIALIZED_AUTOS = YES_AGGRESSIVE;
				GCC_WARN_UNUSED_FUNCTION = YES;
				GCC_WARN_UNUSED_VARIABLE = YES;
				IPHONEOS_DEPLOYMENT_TARGET = 9.0;
				MTL_ENABLE_DEBUG_INFO = YES;
				ONLY_ACTIVE_ARCH = YES;
				SDKROOT = iphoneos;
				SWIFT_OPTIMIZATION_LEVEL = "-Onone";
				TARGETED_DEVICE_FAMILY = "1,2";
			};
			name = Debug;
		};
		E234812F1B2906EB0076247D /* Release */ = {
			isa = XCBuildConfiguration;
			buildSettings = {
				ALWAYS_SEARCH_USER_PATHS = NO;
				CLANG_CXX_LANGUAGE_STANDARD = "gnu++0x";
				CLANG_CXX_LIBRARY = "libc++";
				CLANG_ENABLE_MODULES = YES;
				CLANG_ENABLE_OBJC_ARC = YES;
				CLANG_WARN_BOOL_CONVERSION = YES;
				CLANG_WARN_CONSTANT_CONVERSION = YES;
				CLANG_WARN_DIRECT_OBJC_ISA_USAGE = YES_ERROR;
				CLANG_WARN_EMPTY_BODY = YES;
				CLANG_WARN_ENUM_CONVERSION = YES;
				CLANG_WARN_INT_CONVERSION = YES;
				CLANG_WARN_OBJC_ROOT_CLASS = YES_ERROR;
				CLANG_WARN_UNREACHABLE_CODE = YES;
				CLANG_WARN__DUPLICATE_METHOD_MATCH = YES;
				"CODE_SIGN_IDENTITY[sdk=iphoneos*]" = "iPhone Developer";
				COPY_PHASE_STRIP = NO;
				DEBUG_INFORMATION_FORMAT = "dwarf-with-dsym";
				ENABLE_NS_ASSERTIONS = NO;
				ENABLE_STRICT_OBJC_MSGSEND = YES;
				GCC_C_LANGUAGE_STANDARD = gnu99;
				GCC_NO_COMMON_BLOCKS = YES;
				GCC_WARN_64_TO_32_BIT_CONVERSION = YES;
				GCC_WARN_ABOUT_RETURN_TYPE = YES_ERROR;
				GCC_WARN_UNDECLARED_SELECTOR = YES;
				GCC_WARN_UNINITIALIZED_AUTOS = YES_AGGRESSIVE;
				GCC_WARN_UNUSED_FUNCTION = YES;
				GCC_WARN_UNUSED_VARIABLE = YES;
				IPHONEOS_DEPLOYMENT_TARGET = 9.0;
				MTL_ENABLE_DEBUG_INFO = NO;
				SDKROOT = iphoneos;
				TARGETED_DEVICE_FAMILY = "1,2";
				VALIDATE_PRODUCT = YES;
			};
			name = Release;
		};
		E23481311B2906EB0076247D /* Debug */ = {
			isa = XCBuildConfiguration;
			buildSettings = {
				ASSETCATALOG_COMPILER_COMPLICATION_NAME = Complication;
				CODE_SIGN_IDENTITY = "iPhone Developer";
				"CODE_SIGN_IDENTITY[sdk=watchos*]" = "iPhone Developer";
				INFOPLIST_FILE = "SpeakerAlert WatchKit Extension/Info.plist";
				LD_RUNPATH_SEARCH_PATHS = "$(inherited) @executable_path/Frameworks @executable_path/../../Frameworks";
				PRODUCT_BUNDLE_IDENTIFIER = com.theothertomelliott.SpeakerAlert.watchkitapp.watchkitextension;
				PRODUCT_NAME = "${TARGET_NAME}";
				PROVISIONING_PROFILE = "";
				SDKROOT = watchos;
				SKIP_INSTALL = YES;
				TARGETED_DEVICE_FAMILY = 4;
				WATCHOS_DEPLOYMENT_TARGET = 2.0;
			};
			name = Debug;
		};
		E23481321B2906EB0076247D /* Release */ = {
			isa = XCBuildConfiguration;
			buildSettings = {
				ASSETCATALOG_COMPILER_COMPLICATION_NAME = Complication;
				CODE_SIGN_IDENTITY = "iPhone Developer";
				"CODE_SIGN_IDENTITY[sdk=watchos*]" = "iPhone Developer";
				INFOPLIST_FILE = "SpeakerAlert WatchKit Extension/Info.plist";
				LD_RUNPATH_SEARCH_PATHS = "$(inherited) @executable_path/Frameworks @executable_path/../../Frameworks";
				PRODUCT_BUNDLE_IDENTIFIER = com.theothertomelliott.SpeakerAlert.watchkitapp.watchkitextension;
				PRODUCT_NAME = "${TARGET_NAME}";
				PROVISIONING_PROFILE = "";
				SDKROOT = watchos;
				SKIP_INSTALL = YES;
				TARGETED_DEVICE_FAMILY = 4;
				WATCHOS_DEPLOYMENT_TARGET = 2.0;
			};
			name = Release;
		};
		E23481351B2906EB0076247D /* Debug */ = {
			isa = XCBuildConfiguration;
			buildSettings = {
				ASSETCATALOG_COMPILER_APPICON_NAME = AppIcon;
				CODE_SIGN_IDENTITY = "iPhone Developer";
				"CODE_SIGN_IDENTITY[sdk=watchos*]" = "iPhone Developer";
				EMBEDDED_CONTENT_CONTAINS_SWIFT = YES;
				IBSC_MODULE = SpeakerAlert_WatchKit_Extension;
				INFOPLIST_FILE = "SpeakerAlert WatchKit App/Info.plist";
				PRODUCT_BUNDLE_IDENTIFIER = com.theothertomelliott.SpeakerAlert.watchkitapp;
				PRODUCT_NAME = "$(TARGET_NAME)";
				SDKROOT = watchos;
				SKIP_INSTALL = YES;
				TARGETED_DEVICE_FAMILY = 4;
				WATCHOS_DEPLOYMENT_TARGET = 2.0;
			};
			name = Debug;
		};
		E23481361B2906EB0076247D /* Release */ = {
			isa = XCBuildConfiguration;
			buildSettings = {
				ASSETCATALOG_COMPILER_APPICON_NAME = AppIcon;
				CODE_SIGN_IDENTITY = "iPhone Developer";
				"CODE_SIGN_IDENTITY[sdk=watchos*]" = "iPhone Developer";
				EMBEDDED_CONTENT_CONTAINS_SWIFT = YES;
				IBSC_MODULE = SpeakerAlert_WatchKit_Extension;
				INFOPLIST_FILE = "SpeakerAlert WatchKit App/Info.plist";
				PRODUCT_BUNDLE_IDENTIFIER = com.theothertomelliott.SpeakerAlert.watchkitapp;
				PRODUCT_NAME = "$(TARGET_NAME)";
				SDKROOT = watchos;
				SKIP_INSTALL = YES;
				TARGETED_DEVICE_FAMILY = 4;
				WATCHOS_DEPLOYMENT_TARGET = 2.0;
			};
			name = Release;
		};
		E23481391B2906EB0076247D /* Debug */ = {
			isa = XCBuildConfiguration;
			baseConfigurationReference = 037A8FF3AD0A07FC5FF59EA7 /* Pods-SpeakerAlert.debug.xcconfig */;
			buildSettings = {
				ASSETCATALOG_COMPILER_APPICON_NAME = AppIcon;
				CODE_SIGN_IDENTITY = "iPhone Developer";
				"CODE_SIGN_IDENTITY[sdk=iphoneos*]" = "iPhone Developer";
				ENABLE_BITCODE = YES;
				INFOPLIST_FILE = SpeakerAlert/Info.plist;
				IPHONEOS_DEPLOYMENT_TARGET = 8.0;
				LD_RUNPATH_SEARCH_PATHS = "$(inherited) @executable_path/Frameworks";
				PRODUCT_BUNDLE_IDENTIFIER = com.theothertomelliott.SpeakerAlert;
				PRODUCT_NAME = "$(TARGET_NAME)";
				PROVISIONING_PROFILE = "";
				SWIFT_OBJC_BRIDGING_HEADER = "SpeakerAlert-Bridging-Header.h";
			};
			name = Debug;
		};
		E234813A1B2906EB0076247D /* Release */ = {
			isa = XCBuildConfiguration;
			baseConfigurationReference = D43FA6F56ECA171B284DC711 /* Pods-SpeakerAlert.release.xcconfig */;
			buildSettings = {
				ASSETCATALOG_COMPILER_APPICON_NAME = AppIcon;
				CODE_SIGN_IDENTITY = "iPhone Developer";
				"CODE_SIGN_IDENTITY[sdk=iphoneos*]" = "iPhone Developer";
				ENABLE_BITCODE = YES;
				INFOPLIST_FILE = SpeakerAlert/Info.plist;
				IPHONEOS_DEPLOYMENT_TARGET = 8.0;
				LD_RUNPATH_SEARCH_PATHS = "$(inherited) @executable_path/Frameworks";
				PRODUCT_BUNDLE_IDENTIFIER = com.theothertomelliott.SpeakerAlert;
				PRODUCT_NAME = "$(TARGET_NAME)";
				PROVISIONING_PROFILE = "";
				SWIFT_OBJC_BRIDGING_HEADER = "SpeakerAlert-Bridging-Header.h";
			};
			name = Release;
		};
		E234813C1B2906EB0076247D /* Debug */ = {
			isa = XCBuildConfiguration;
			baseConfigurationReference = 762393DDD7583B928EBD75E6 /* Pods-SpeakerAlertTests.debug.xcconfig */;
			buildSettings = {
				BUNDLE_LOADER = "$(TEST_HOST)";
				INFOPLIST_FILE = SpeakerAlertTests/Info.plist;
				LD_RUNPATH_SEARCH_PATHS = "$(inherited) @executable_path/Frameworks @loader_path/Frameworks";
				PRODUCT_BUNDLE_IDENTIFIER = com.theothertomelliott.SpeakerAlertTests;
				PRODUCT_NAME = "$(TARGET_NAME)";
				SWIFT_OBJC_BRIDGING_HEADER = "SpeakerAlert-Bridging-Header.h";
				TEST_HOST = "$(BUILT_PRODUCTS_DIR)/SpeakerAlert.app/SpeakerAlert";
			};
			name = Debug;
		};
		E234813D1B2906EB0076247D /* Release */ = {
			isa = XCBuildConfiguration;
			baseConfigurationReference = 4E6C05D69A1F923D69A1DAE7 /* Pods-SpeakerAlertTests.release.xcconfig */;
			buildSettings = {
				BUNDLE_LOADER = "$(TEST_HOST)";
				INFOPLIST_FILE = SpeakerAlertTests/Info.plist;
				LD_RUNPATH_SEARCH_PATHS = "$(inherited) @executable_path/Frameworks @loader_path/Frameworks";
				PRODUCT_BUNDLE_IDENTIFIER = com.theothertomelliott.SpeakerAlertTests;
				PRODUCT_NAME = "$(TARGET_NAME)";
				SWIFT_OBJC_BRIDGING_HEADER = "SpeakerAlert-Bridging-Header.h";
				TEST_HOST = "$(BUILT_PRODUCTS_DIR)/SpeakerAlert.app/SpeakerAlert";
			};
			name = Release;
		};
		E234813F1B2906EB0076247D /* Debug */ = {
			isa = XCBuildConfiguration;
			buildSettings = {
				INFOPLIST_FILE = SpeakerAlertUITests/Info.plist;
				LD_RUNPATH_SEARCH_PATHS = "$(inherited) @executable_path/Frameworks @loader_path/Frameworks";
				PRODUCT_BUNDLE_IDENTIFIER = com.theothertomelliott.SpeakerAlertUITests;
				PRODUCT_NAME = "$(TARGET_NAME)";
				TEST_TARGET_NAME = SpeakerAlert;
				USES_XCTRUNNER = YES;
			};
			name = Debug;
		};
		E23481401B2906EB0076247D /* Release */ = {
			isa = XCBuildConfiguration;
			buildSettings = {
				INFOPLIST_FILE = SpeakerAlertUITests/Info.plist;
				LD_RUNPATH_SEARCH_PATHS = "$(inherited) @executable_path/Frameworks @loader_path/Frameworks";
				PRODUCT_BUNDLE_IDENTIFIER = com.theothertomelliott.SpeakerAlertUITests;
				PRODUCT_NAME = "$(TARGET_NAME)";
				TEST_TARGET_NAME = SpeakerAlert;
				USES_XCTRUNNER = YES;
			};
			name = Release;
		};
/* End XCBuildConfiguration section */

/* Begin XCConfigurationList section */
		E23480E01B2906EA0076247D /* Build configuration list for PBXProject "SpeakerAlert" */ = {
			isa = XCConfigurationList;
			buildConfigurations = (
				E234812E1B2906EB0076247D /* Debug */,
				E234812F1B2906EB0076247D /* Release */,
			);
			defaultConfigurationIsVisible = 0;
			defaultConfigurationName = Release;
		};
		E23481301B2906EB0076247D /* Build configuration list for PBXNativeTarget "SpeakerAlert WatchKit Extension" */ = {
			isa = XCConfigurationList;
			buildConfigurations = (
				E23481311B2906EB0076247D /* Debug */,
				E23481321B2906EB0076247D /* Release */,
			);
			defaultConfigurationIsVisible = 0;
			defaultConfigurationName = Release;
		};
		E23481341B2906EB0076247D /* Build configuration list for PBXNativeTarget "SpeakerAlert WatchKit App" */ = {
			isa = XCConfigurationList;
			buildConfigurations = (
				E23481351B2906EB0076247D /* Debug */,
				E23481361B2906EB0076247D /* Release */,
			);
			defaultConfigurationIsVisible = 0;
			defaultConfigurationName = Release;
		};
		E23481381B2906EB0076247D /* Build configuration list for PBXNativeTarget "SpeakerAlert" */ = {
			isa = XCConfigurationList;
			buildConfigurations = (
				E23481391B2906EB0076247D /* Debug */,
				E234813A1B2906EB0076247D /* Release */,
			);
			defaultConfigurationIsVisible = 0;
			defaultConfigurationName = Release;
		};
		E234813B1B2906EB0076247D /* Build configuration list for PBXNativeTarget "SpeakerAlertTests" */ = {
			isa = XCConfigurationList;
			buildConfigurations = (
				E234813C1B2906EB0076247D /* Debug */,
				E234813D1B2906EB0076247D /* Release */,
			);
			defaultConfigurationIsVisible = 0;
			defaultConfigurationName = Release;
		};
		E234813E1B2906EB0076247D /* Build configuration list for PBXNativeTarget "SpeakerAlertUITests" */ = {
			isa = XCConfigurationList;
			buildConfigurations = (
				E234813F1B2906EB0076247D /* Debug */,
				E23481401B2906EB0076247D /* Release */,
			);
			defaultConfigurationIsVisible = 0;
			defaultConfigurationName = Release;
		};
/* End XCConfigurationList section */

/* Begin XCVersionGroup section */
		E2C9020D1B33BAA300B39D37 /* SpeakerAlert.xcdatamodeld */ = {
			isa = XCVersionGroup;
			children = (
				E2C9020E1B33BAA300B39D37 /* SpeakerAlert.xcdatamodel */,
			);
			currentVersion = E2C9020E1B33BAA300B39D37 /* SpeakerAlert.xcdatamodel */;
			path = SpeakerAlert.xcdatamodeld;
			sourceTree = "<group>";
			versionGroupType = wrapper.xcdatamodel;
		};
/* End XCVersionGroup section */
	};
	rootObject = E23480DD1B2906EA0076247D /* Project object */;
}
