<?xml version="1.0" encoding="UTF-8"?>
<Scheme
   LastUpgradeVersion = "0800"
   version = "2.0">
   <BuildAction
      parallelizeBuildables = "YES"
      buildImplicitDependencies = "YES">
      <BuildActionEntries>
         <BuildActionEntry
            buildForTesting = "YES"
            buildForRunning = "YES"
            buildForProfiling = "YES"
            buildForArchiving = "YES"
            buildForAnalyzing = "YES">
            <BuildableReference
               BuildableIdentifier = "primary"
               BlueprintIdentifier = "E234810C1B2906EB0076247D"
               BuildableName = "SpeakerAlert WatchKit App.app"
               BlueprintName = "SpeakerAlert WatchKit App"
               ReferencedContainer = "container:SpeakerAlert.xcodeproj">
            </BuildableReference>
         </BuildActionEntry>
         <BuildActionEntry
            buildForTesting = "YES"
            buildForRunning = "YES"
            buildForProfiling = "YES"
            buildForArchiving = "YES"
            buildForAnalyzing = "YES">
            <BuildableReference
               BuildableIdentifier = "primary"
               BlueprintIdentifier = "E23480E41B2906EA0076247D"
               BuildableName = "SpeakerAlert.app"
               BlueprintName = "SpeakerAlert"
               ReferencedContainer = "container:SpeakerAlert.xcodeproj">
            </BuildableReference>
         </BuildActionEntry>
         <BuildActionEntry
            buildForTesting = "YES"
            buildForRunning = "YES"
            buildForProfiling = "YES"
            buildForArchiving = "YES"
            buildForAnalyzing = "YES">
            <BuildableReference
               BuildableIdentifier = "primary"
               BlueprintIdentifier = "E234811B1B2906EB0076247D"
               BuildableName = "SpeakerAlert WatchKit Extension.appex"
               BlueprintName = "SpeakerAlert WatchKit Extension"
               ReferencedContainer = "container:SpeakerAlert.xcodeproj">
            </BuildableReference>
         </BuildActionEntry>
      </BuildActionEntries>
   </BuildAction>
   <TestAction
      buildConfiguration = "Debug"
      selectedDebuggerIdentifier = "Xcode.DebuggerFoundation.Debugger.LLDB"
      selectedLauncherIdentifier = "Xcode.DebuggerFoundation.Launcher.LLDB"
      shouldUseLaunchSchemeArgsEnv = "YES">
      <Testables>
         <TestableReference
            skipped = "NO">
            <BuildableReference
               BuildableIdentifier = "primary"
               BlueprintIdentifier = "E2FB13CF1DEAAF18004EF2AB"
               BuildableName = "SpeakerAlertScreenshotUITests.xctest"
               BlueprintName = "SpeakerAlertScreenshotUITests"
               ReferencedContainer = "container:SpeakerAlert.xcodeproj">
            </BuildableReference>
         </TestableReference>
      </Testables>
      <MacroExpansion>
         <BuildableReference
            BuildableIdentifier = "primary"
            BlueprintIdentifier = "E234810C1B2906EB0076247D"
            BuildableName = "SpeakerAlert WatchKit App.app"
            BlueprintName = "SpeakerAlert WatchKit App"
            ReferencedContainer = "container:SpeakerAlert.xcodeproj">
         </BuildableReference>
      </MacroExpansion>
      <AdditionalOptions>
      </AdditionalOptions>
   </TestAction>
   <LaunchAction
      buildConfiguration = "Debug"
      selectedDebuggerIdentifier = "Xcode.DebuggerFoundation.Debugger.LLDB"
      selectedLauncherIdentifier = "Xcode.DebuggerFoundation.Launcher.LLDB"
      launchStyle = "0"
      useCustomWorkingDirectory = "NO"
      ignoresPersistentStateOnLaunch = "NO"
      debugDocumentVersioning = "YES"
      debugServiceExtension = "internal"
      allowLocationSimulation = "YES"
      launchAutomaticallySubstyle = "8"
      notificationPayloadFile = "SpeakerAlert WatchKit Extension/PushNotificationPayload.apns">
      <RemoteRunnable
         runnableDebuggingMode = "2"
         BundleIdentifier = "com.apple.carousel"
         RemotePath = "/SpeakerAlert WatchKit App">
         <BuildableReference
            BuildableIdentifier = "primary"
            BlueprintIdentifier = "E234810C1B2906EB0076247D"
            BuildableName = "SpeakerAlert WatchKit App.app"
            BlueprintName = "SpeakerAlert WatchKit App"
            ReferencedContainer = "container:SpeakerAlert.xcodeproj">
         </BuildableReference>
      </RemoteRunnable>
      <MacroExpansion>
         <BuildableReference
            BuildableIdentifier = "primary"
            BlueprintIdentifier = "E234810C1B2906EB0076247D"
            BuildableName = "SpeakerAlert WatchKit App.app"
            BlueprintName = "SpeakerAlert WatchKit App"
            ReferencedContainer = "container:SpeakerAlert.xcodeproj">
         </BuildableReference>
      </MacroExpansion>
      <AdditionalOptions>
      </AdditionalOptions>
   </LaunchAction>
   <ProfileAction
      buildConfiguration = "Release"
      shouldUseLaunchSchemeArgsEnv = "YES"
      savedToolIdentifier = ""
      useCustomWorkingDirectory = "NO"
      debugDocumentVersioning = "YES"
      launchAutomaticallySubstyle = "8"
      notificationPayloadFile = "SpeakerAlert WatchKit Extension/PushNotificationPayload.apns">
      <RemoteRunnable
         runnableDebuggingMode = "2"
         BundleIdentifier = "com.apple.carousel"
         RemotePath = "/SpeakerAlert WatchKit App">
         <BuildableReference
            BuildableIdentifier = "primary"
            BlueprintIdentifier = "E234810C1B2906EB0076247D"
            BuildableName = "SpeakerAlert WatchKit App.app"
            BlueprintName = "SpeakerAlert WatchKit App"
            ReferencedContainer = "container:SpeakerAlert.xcodeproj">
         </BuildableReference>
      </RemoteRunnable>
      <MacroExpansion>
         <BuildableReference
            BuildableIdentifier = "primary"
            BlueprintIdentifier = "E234810C1B2906EB0076247D"
            BuildableName = "SpeakerAlert WatchKit App.app"
            BlueprintName = "SpeakerAlert WatchKit App"
            ReferencedContainer = "container:SpeakerAlert.xcodeproj">
         </BuildableReference>
      </MacroExpansion>
   </ProfileAction>
   <AnalyzeAction
      buildConfiguration = "Debug">
   </AnalyzeAction>
   <ArchiveAction
      buildConfiguration = "Release"
      revealArchiveInOrganizer = "YES">
   </ArchiveAction>
</Scheme>
